
Microsoft Visual Studio Solution File, Format Version 12.00
# Visual Studio 15
VisualStudioVersion = 15.0.28010.2046
MinimumVisualStudioVersion = 10.0.40219.1
Project("{FAE04EC0-301F-11D3-BF4B-00C04F79EFBC}") = "PlanlogicAI", "PlanlogicAI\PlanlogicAI.csproj", "{95A487EC-EA1B-4F8D-B7A1-20056F35A97B}"
EndProject
Global
	GlobalSection(SolutionConfigurationPlatforms) = preSolution
		Debug|Any CPU = Debug|Any CPU
		Release|Any CPU = Release|Any CPU
	EndGlobalSection
	GlobalSection(ProjectConfigurationPlatforms) = postSolution
		{95A487EC-EA1B-4F8D-B7A1-20056F35A97B}.Debug|Any CPU.ActiveCfg = Debug|Any CPU
		{95A487EC-EA1B-4F8D-B7A1-20056F35A97B}.Debug|Any CPU.Build.0 = Debug|Any CPU
		{95A487EC-EA1B-4F8D-B7A1-20056F35A97B}.Release|Any CPU.ActiveCfg = Release|Any CPU
		{95A487EC-EA1B-4F8D-B7A1-20056F35A97B}.Release|Any CPU.Build.0 = Release|Any CPU
	EndGlobalSection
	GlobalSection(SolutionProperties) = preSolution
		HideSolutionNode = FALSE
	EndGlobalSection
	GlobalSection(ExtensibilityGlobals) = postSolution
		SolutionGuid = {32FE6A37-6B61-42ED-A063-8A8E5C6DB84D}
	EndGlobalSection
EndGlobal
